
Microsoft Visual Studio Solution File, Format Version 12.00
# Visual Studio Version 16
VisualStudioVersion = 16.0.29102.190
MinimumVisualStudioVersion = 10.0.40219.1
Project("{9A19103F-16F7-4668-BE54-9A1E7A4F7556}") = "ProjectRecruting", "ProjectRecruting\ProjectRecruting.csproj", "{327E6DED-5422-4A1B-B48F-284361AE6116}"
EndProject
Project("{FAE04EC0-301F-11D3-BF4B-00C04F79EFBC}") = "ProjectRecruting.Tests", "ProjectRecruting.Tests\ProjectRecruting.Tests.csproj", "{ADF69975-F3DB-41B7-B223-5ABA4807CCD2}"
	ProjectSection(ProjectDependencies) = postProject
		{327E6DED-5422-4A1B-B48F-284361AE6116} = {327E6DED-5422-4A1B-B48F-284361AE6116}
	EndProjectSection
EndProject
Global
	GlobalSection(SolutionConfigurationPlatforms) = preSolution
		Debug|Any CPU = Debug|Any CPU
		Release|Any CPU = Release|Any CPU
	EndGlobalSection
	GlobalSection(ProjectConfigurationPlatforms) = postSolution
		{327E6DED-5422-4A1B-B48F-284361AE6116}.Debug|Any CPU.ActiveCfg = Debug|Any CPU
		{327E6DED-5422-4A1B-B48F-284361AE6116}.Debug|Any CPU.Build.0 = Debug|Any CPU
		{327E6DED-5422-4A1B-B48F-284361AE6116}.Release|Any CPU.ActiveCfg = Release|Any CPU
		{327E6DED-5422-4A1B-B48F-284361AE6116}.Release|Any CPU.Build.0 = Release|Any CPU
		{ADF69975-F3DB-41B7-B223-5ABA4807CCD2}.Debug|Any CPU.ActiveCfg = Debug|Any CPU
		{ADF69975-F3DB-41B7-B223-5ABA4807CCD2}.Debug|Any CPU.Build.0 = Debug|Any CPU
		{ADF69975-F3DB-41B7-B223-5ABA4807CCD2}.Release|Any CPU.ActiveCfg = Release|Any CPU
		{ADF69975-F3DB-41B7-B223-5ABA4807CCD2}.Release|Any CPU.Build.0 = Release|Any CPU
	EndGlobalSection
	GlobalSection(SolutionProperties) = preSolution
		HideSolutionNode = FALSE
	EndGlobalSection
	GlobalSection(ExtensibilityGlobals) = postSolution
		SolutionGuid = {3049D9A0-C153-4B7D-85A8-D9F966A096FB}
	EndGlobalSection
EndGlobal
